
Microsoft Visual Studio Solution File, Format Version 12.00
# Visual Studio Version 16
VisualStudioVersion = 16.0.30002.166
MinimumVisualStudioVersion = 10.0.40219.1
Project("{9A19103F-16F7-4668-BE54-9A1E7A4F7556}") = "KingCal", "KingCal\KingCal.csproj", "{D9831CEF-F1F7-41B5-92E8-BC046475571C}"
EndProject
Project("{2150E333-8FDC-42A3-9474-1A3956D46DE8}") = "Solution Items", "Solution Items", "{5F01F72F-CFEB-41A7-9883-AD36F76DF3A2}"
	ProjectSection(SolutionItems) = preProject
		.dockerignore = .dockerignore
		.gitignore = .gitignore
		CODEOWNERS = CODEOWNERS
		Dockerfile = Dockerfile
		README.md = README.md
	EndProjectSection
EndProject
Global
	GlobalSection(SolutionConfigurationPlatforms) = preSolution
		Debug|Any CPU = Debug|Any CPU
		Release|Any CPU = Release|Any CPU
	EndGlobalSection
	GlobalSection(ProjectConfigurationPlatforms) = postSolution
		{D9831CEF-F1F7-41B5-92E8-BC046475571C}.Debug|Any CPU.ActiveCfg = Debug|Any CPU
		{D9831CEF-F1F7-41B5-92E8-BC046475571C}.Debug|Any CPU.Build.0 = Debug|Any CPU
		{D9831CEF-F1F7-41B5-92E8-BC046475571C}.Release|Any CPU.ActiveCfg = Release|Any CPU
		{D9831CEF-F1F7-41B5-92E8-BC046475571C}.Release|Any CPU.Build.0 = Release|Any CPU
	EndGlobalSection
	GlobalSection(SolutionProperties) = preSolution
		HideSolutionNode = FALSE
	EndGlobalSection
	GlobalSection(ExtensibilityGlobals) = postSolution
		SolutionGuid = {BA748E23-C552-402D-93C7-C477269F3712}
	EndGlobalSection
EndGlobal
